// !$*UTF8*$!
{
	archiveVersion = 1;
	classes = {
	};
	objectVersion = 46;
	objects = {

/* Begin PBXBuildFile section */
		423983E21B7BC50200F9D4AF /* commentCell.swift in Sources */ = {isa = PBXBuildFile; fileRef = 423983E11B7BC50200F9D4AF /* commentCell.swift */; };
		425DF22E1B720CC900837B8C /* AddPostViewController.swift in Sources */ = {isa = PBXBuildFile; fileRef = 425DF22D1B720CC900837B8C /* AddPostViewController.swift */; };
		42E4FF7F1B8726AB00A8B1C3 /* notificationsViewController.swift in Sources */ = {isa = PBXBuildFile; fileRef = 42E4FF7E1B8726AB00A8B1C3 /* notificationsViewController.swift */; };
		42E4FF811B872FFB00A8B1C3 /* NotificationCell.swift in Sources */ = {isa = PBXBuildFile; fileRef = 42E4FF801B872FFB00A8B1C3 /* NotificationCell.swift */; };
		42E55C261B9EE4BC000C102E /* ALCameraView.strings in Resources */ = {isa = PBXBuildFile; fileRef = 42E55C141B9EE4BC000C102E /* ALCameraView.strings */; };
		42E55C271B9EE4BC000C102E /* ALCameraViewAssets.xcassets in Resources */ = {isa = PBXBuildFile; fileRef = 42E55C151B9EE4BC000C102E /* ALCameraViewAssets.xcassets */; };
		42E55C281B9EE4BC000C102E /* ALImageModel.swift in Sources */ = {isa = PBXBuildFile; fileRef = 42E55C171B9EE4BC000C102E /* ALImageModel.swift */; };
		42E55C291B9EE4BC000C102E /* ALCameraShot.swift in Sources */ = {isa = PBXBuildFile; fileRef = 42E55C191B9EE4BC000C102E /* ALCameraShot.swift */; };
		42E55C2A1B9EE4BC000C102E /* ALImageFetchingInteractor.swift in Sources */ = {isa = PBXBuildFile; fileRef = 42E55C1A1B9EE4BC000C102E /* ALImageFetchingInteractor.swift */; };
		42E55C2B1B9EE4BC000C102E /* ALUtilities.swift in Sources */ = {isa = PBXBuildFile; fileRef = 42E55C1B1B9EE4BC000C102E /* ALUtilities.swift */; };
		42E55C2C1B9EE4BC000C102E /* ALCameraViewController.swift in Sources */ = {isa = PBXBuildFile; fileRef = 42E55C1D1B9EE4BC000C102E /* ALCameraViewController.swift */; };
		42E55C2D1B9EE4BC000C102E /* ALConfirmViewController.swift in Sources */ = {isa = PBXBuildFile; fileRef = 42E55C1E1B9EE4BC000C102E /* ALConfirmViewController.swift */; };
		42E55C2E1B9EE4BC000C102E /* ALImagePickerViewController.swift in Sources */ = {isa = PBXBuildFile; fileRef = 42E55C1F1B9EE4BC000C102E /* ALImagePickerViewController.swift */; };
		42E55C2F1B9EE4BC000C102E /* ALImagePickerViewDelegate.swift in Sources */ = {isa = PBXBuildFile; fileRef = 42E55C201B9EE4BC000C102E /* ALImagePickerViewDelegate.swift */; };
		42E55C301B9EE4BC000C102E /* ALCameraView.swift in Sources */ = {isa = PBXBuildFile; fileRef = 42E55C221B9EE4BC000C102E /* ALCameraView.swift */; };
		42E55C311B9EE4BC000C102E /* ALCropOverlay.swift in Sources */ = {isa = PBXBuildFile; fileRef = 42E55C231B9EE4BC000C102E /* ALCropOverlay.swift */; };
		42E55C321B9EE4BC000C102E /* ALImageCell.swift in Sources */ = {isa = PBXBuildFile; fileRef = 42E55C241B9EE4BC000C102E /* ALImageCell.swift */; };
		42E55C331B9EE4BC000C102E /* ALPermissionsView.swift in Sources */ = {isa = PBXBuildFile; fileRef = 42E55C251B9EE4BC000C102E /* ALPermissionsView.swift */; };
		42E92AA11BA0313F003973B0 /* EmptyView.swift in Sources */ = {isa = PBXBuildFile; fileRef = 42E92AA01BA0313F003973B0 /* EmptyView.swift */; };
		42E92AA51BA04BF8003973B0 /* EmptyView.xib in Resources */ = {isa = PBXBuildFile; fileRef = 42E92AA41BA04BF8003973B0 /* EmptyView.xib */; };
		42EB28241B74BCE400AB0331 /* Utilities.swift in Sources */ = {isa = PBXBuildFile; fileRef = 42EB28231B74BCE400AB0331 /* Utilities.swift */; };
		42EB28261B74D79100AB0331 /* WebImage.framework in Frameworks */ = {isa = PBXBuildFile; fileRef = 42EB28251B74D79100AB0331 /* WebImage.framework */; };
		42EB28271B74D79100AB0331 /* WebImage.framework in Embed Frameworks */ = {isa = PBXBuildFile; fileRef = 42EB28251B74D79100AB0331 /* WebImage.framework */; settings = {ATTRIBUTES = (CodeSignOnCopy, RemoveHeadersOnCopy, ); }; };
		42ED1E451B7C91E600B0DE68 /* onBoardingViewController.swift in Sources */ = {isa = PBXBuildFile; fileRef = 42ED1E441B7C91E600B0DE68 /* onBoardingViewController.swift */; };
		42EF7C611BAAB16C00F112CE /* leftToRightNavController.swift in Sources */ = {isa = PBXBuildFile; fileRef = 42EF7C601BAAB16C00F112CE /* leftToRightNavController.swift */; };
		42F01BEB1B79EAAB001386C1 /* loginViewController.swift in Sources */ = {isa = PBXBuildFile; fileRef = 42F01BEA1B79EAAB001386C1 /* loginViewController.swift */; };
		D51FB2E51B7891FC00518DA2 /* PopButton.swift in Sources */ = {isa = PBXBuildFile; fileRef = D51FB2E41B7891FC00518DA2 /* PopButton.swift */; };
		D547A47F1B6B5C4300B556B4 /* Me.jpg in Resources */ = {isa = PBXBuildFile; fileRef = D547A47E1B6B5C4300B556B4 /* Me.jpg */; };
		D547A4811B6B69DB00B556B4 /* FeedViewController.swift in Sources */ = {isa = PBXBuildFile; fileRef = D547A4801B6B69DB00B556B4 /* FeedViewController.swift */; };
		D547A4831B6B717600B556B4 /* CellWithoutImage.swift in Sources */ = {isa = PBXBuildFile; fileRef = D547A4821B6B717600B556B4 /* CellWithoutImage.swift */; };
		D547A4851B6F526000B556B4 /* AC.png in Resources */ = {isa = PBXBuildFile; fileRef = D547A4841B6F526000B556B4 /* AC.png */; };
		D547A4871B70B87C00B556B4 /* CommentsViewController.swift in Sources */ = {isa = PBXBuildFile; fileRef = D547A4861B70B87C00B556B4 /* CommentsViewController.swift */; };
		D547A4891B70CFC900B556B4 /* CommentsHeaderCell.swift in Sources */ = {isa = PBXBuildFile; fileRef = D547A4881B70CFC900B556B4 /* CommentsHeaderCell.swift */; };
		D547A48B1B70D29B00B556B4 /* CellWithImage.swift in Sources */ = {isa = PBXBuildFile; fileRef = D547A48A1B70D29B00B556B4 /* CellWithImage.swift */; };
		D54B9BD31B7B52B20075836C /* UIColorExtension.swift in Sources */ = {isa = PBXBuildFile; fileRef = D54B9BD21B7B52B20075836C /* UIColorExtension.swift */; };
		D54B9BD51B7DD2520075836C /* PostController.swift in Sources */ = {isa = PBXBuildFile; fileRef = D54B9BD41B7DD2520075836C /* PostController.swift */; };
		D5604CEC1B72238E002AD200 /* Alamofire.framework in Frameworks */ = {isa = PBXBuildFile; fileRef = D5604CE51B721FFF002AD200 /* Alamofire.framework */; };
		D5604CED1B72238E002AD200 /* Alamofire.framework in Embed Frameworks */ = {isa = PBXBuildFile; fileRef = D5604CE51B721FFF002AD200 /* Alamofire.framework */; settings = {ATTRIBUTES = (CodeSignOnCopy, RemoveHeadersOnCopy, ); }; };
		D5604CEE1B72238E002AD200 /* SVProgressHUD.framework in Frameworks */ = {isa = PBXBuildFile; fileRef = D5604CE61B721FFF002AD200 /* SVProgressHUD.framework */; };
		D5604CEF1B72238E002AD200 /* SVProgressHUD.framework in Embed Frameworks */ = {isa = PBXBuildFile; fileRef = D5604CE61B721FFF002AD200 /* SVProgressHUD.framework */; settings = {ATTRIBUTES = (CodeSignOnCopy, RemoveHeadersOnCopy, ); }; };
		D5604CF01B72238E002AD200 /* SwiftyJSON.framework in Frameworks */ = {isa = PBXBuildFile; fileRef = D5604CE71B721FFF002AD200 /* SwiftyJSON.framework */; };
		D5604CF11B72238E002AD200 /* SwiftyJSON.framework in Embed Frameworks */ = {isa = PBXBuildFile; fileRef = D5604CE71B721FFF002AD200 /* SwiftyJSON.framework */; settings = {ATTRIBUTES = (CodeSignOnCopy, RemoveHeadersOnCopy, ); }; };
		D57382A11B7359150080A4FA /* APIConstants.swift in Sources */ = {isa = PBXBuildFile; fileRef = D57382A01B7359150080A4FA /* APIConstants.swift */; };
		D5B3E4831B6A2CB000F3DF9F /* AppDelegate.swift in Sources */ = {isa = PBXBuildFile; fileRef = D5B3E4821B6A2CB000F3DF9F /* AppDelegate.swift */; };
		D5B3E4851B6A2CB000F3DF9F /* RootViewController.swift in Sources */ = {isa = PBXBuildFile; fileRef = D5B3E4841B6A2CB000F3DF9F /* RootViewController.swift */; };
		D5B3E4871B6A2CB000F3DF9F /* DataViewController.swift in Sources */ = {isa = PBXBuildFile; fileRef = D5B3E4861B6A2CB000F3DF9F /* DataViewController.swift */; };
		D5B3E4891B6A2CB000F3DF9F /* ModelController.swift in Sources */ = {isa = PBXBuildFile; fileRef = D5B3E4881B6A2CB000F3DF9F /* ModelController.swift */; };
		D5B3E48C1B6A2CB000F3DF9F /* Main.storyboard in Resources */ = {isa = PBXBuildFile; fileRef = D5B3E48A1B6A2CB000F3DF9F /* Main.storyboard */; };
		D5B3E48E1B6A2CB000F3DF9F /* Images.xcassets in Resources */ = {isa = PBXBuildFile; fileRef = D5B3E48D1B6A2CB000F3DF9F /* Images.xcassets */; };
		D5B3E4911B6A2CB000F3DF9F /* LaunchScreen.xib in Resources */ = {isa = PBXBuildFile; fileRef = D5B3E48F1B6A2CB000F3DF9F /* LaunchScreen.xib */; };
		D5B3E4B21B6A33E000F3DF9F /* Lato-Black.ttf in Resources */ = {isa = PBXBuildFile; fileRef = D5B3E4A71B6A33E000F3DF9F /* Lato-Black.ttf */; };
		D5B3E4B31B6A33E000F3DF9F /* Lato-BlackItalic.ttf in Resources */ = {isa = PBXBuildFile; fileRef = D5B3E4A81B6A33E000F3DF9F /* Lato-BlackItalic.ttf */; };
		D5B3E4B41B6A33E000F3DF9F /* Lato-Bold.ttf in Resources */ = {isa = PBXBuildFile; fileRef = D5B3E4A91B6A33E000F3DF9F /* Lato-Bold.ttf */; };
		D5B3E4B51B6A33E000F3DF9F /* Lato-BoldItalic.ttf in Resources */ = {isa = PBXBuildFile; fileRef = D5B3E4AA1B6A33E000F3DF9F /* Lato-BoldItalic.ttf */; };
		D5B3E4B61B6A33E000F3DF9F /* Lato-Hairline.ttf in Resources */ = {isa = PBXBuildFile; fileRef = D5B3E4AB1B6A33E000F3DF9F /* Lato-Hairline.ttf */; };
		D5B3E4B71B6A33E000F3DF9F /* Lato-HairlineItalic.ttf in Resources */ = {isa = PBXBuildFile; fileRef = D5B3E4AC1B6A33E000F3DF9F /* Lato-HairlineItalic.ttf */; };
		D5B3E4B81B6A33E000F3DF9F /* Lato-Italic.ttf in Resources */ = {isa = PBXBuildFile; fileRef = D5B3E4AD1B6A33E000F3DF9F /* Lato-Italic.ttf */; };
		D5B3E4B91B6A33E000F3DF9F /* Lato-Light.ttf in Resources */ = {isa = PBXBuildFile; fileRef = D5B3E4AE1B6A33E000F3DF9F /* Lato-Light.ttf */; };
		D5B3E4BA1B6A33E000F3DF9F /* Lato-LightItalic.ttf in Resources */ = {isa = PBXBuildFile; fileRef = D5B3E4AF1B6A33E000F3DF9F /* Lato-LightItalic.ttf */; };
		D5B3E4BB1B6A33E000F3DF9F /* Lato-Regular.ttf in Resources */ = {isa = PBXBuildFile; fileRef = D5B3E4B01B6A33E000F3DF9F /* Lato-Regular.ttf */; };
		D5B3E4BC1B6A33E000F3DF9F /* OFL.txt in Resources */ = {isa = PBXBuildFile; fileRef = D5B3E4B11B6A33E000F3DF9F /* OFL.txt */; };
		D5EBCFC71B85BEFE000E0656 /* ChannelPickerView.swift in Sources */ = {isa = PBXBuildFile; fileRef = D5EBCFC61B85BEFE000E0656 /* ChannelPickerView.swift */; };
		D5EBCFCA1B870ED2000E0656 /* Fabric.framework in Frameworks */ = {isa = PBXBuildFile; fileRef = D5EBCFC81B870ED2000E0656 /* Fabric.framework */; };
		D5EBCFCB1B870ED2000E0656 /* Crashlytics.framework in Frameworks */ = {isa = PBXBuildFile; fileRef = D5EBCFC91B870ED2000E0656 /* Crashlytics.framework */; };
		D5EBCFCE1B874832000E0656 /* Model.xcdatamodeld in Sources */ = {isa = PBXBuildFile; fileRef = D5EBCFCC1B874832000E0656 /* Model.xcdatamodeld */; };
		D5EBCFD11B8C4AF5000E0656 /* User.swift in Sources */ = {isa = PBXBuildFile; fileRef = D5EBCFD01B8C4AF5000E0656 /* User.swift */; };
		D5EBCFD31B8C4AF5000E0656 /* Channel.swift in Sources */ = {isa = PBXBuildFile; fileRef = D5EBCFD21B8C4AF5000E0656 /* Channel.swift */; };
		D5EBCFD51B8C4AF5000E0656 /* Post.swift in Sources */ = {isa = PBXBuildFile; fileRef = D5EBCFD41B8C4AF5000E0656 /* Post.swift */; };
		D5EBCFD71B8C4AF5000E0656 /* ParentObject.swift in Sources */ = {isa = PBXBuildFile; fileRef = D5EBCFD61B8C4AF5000E0656 /* ParentObject.swift */; };
		D5EBCFD91B8C4AF5000E0656 /* Neighbourhood.swift in Sources */ = {isa = PBXBuildFile; fileRef = D5EBCFD81B8C4AF5000E0656 /* Neighbourhood.swift */; };
		D5EBCFDB1B8C4AF6000E0656 /* Comment.swift in Sources */ = {isa = PBXBuildFile; fileRef = D5EBCFDA1B8C4AF6000E0656 /* Comment.swift */; };
		D5EBD0101B8C5A67000E0656 /* CoreData.framework in Frameworks */ = {isa = PBXBuildFile; fileRef = D5EBD00F1B8C5A67000E0656 /* CoreData.framework */; };
		EB31196E8B8B42EC52B694BD /* Pods_Pipal.framework in Frameworks */ = {isa = PBXBuildFile; fileRef = 13016DCF20A890DF09DDEC19 /* Pods_Pipal.framework */; settings = {ATTRIBUTES = (Weak, ); }; };
/* End PBXBuildFile section */

/* Begin PBXCopyFilesBuildPhase section */
		D5604CF21B72238E002AD200 /* Embed Frameworks */ = {
			isa = PBXCopyFilesBuildPhase;
			buildActionMask = 2147483647;
			dstPath = "";
			dstSubfolderSpec = 10;
			files = (
				D5604CEF1B72238E002AD200 /* SVProgressHUD.framework in Embed Frameworks */,
				D5604CED1B72238E002AD200 /* Alamofire.framework in Embed Frameworks */,
				D5604CF11B72238E002AD200 /* SwiftyJSON.framework in Embed Frameworks */,
				42EB28271B74D79100AB0331 /* WebImage.framework in Embed Frameworks */,
			);
			name = "Embed Frameworks";
			runOnlyForDeploymentPostprocessing = 0;
		};
/* End PBXCopyFilesBuildPhase section */

/* Begin PBXFileReference section */
		13016DCF20A890DF09DDEC19 /* Pods_Pipal.framework */ = {isa = PBXFileReference; explicitFileType = wrapper.framework; includeInIndex = 0; path = Pods_Pipal.framework; sourceTree = BUILT_PRODUCTS_DIR; };
		3365645C8D920F3726D61C70 /* Pods-Pipal.debug.xcconfig */ = {isa = PBXFileReference; includeInIndex = 1; lastKnownFileType = text.xcconfig; name = "Pods-Pipal.debug.xcconfig"; path = "Pods/Target Support Files/Pods-Pipal/Pods-Pipal.debug.xcconfig"; sourceTree = "<group>"; };
		423983E11B7BC50200F9D4AF /* commentCell.swift */ = {isa = PBXFileReference; fileEncoding = 4; lastKnownFileType = sourcecode.swift; path = commentCell.swift; sourceTree = "<group>"; };
		425DF22D1B720CC900837B8C /* AddPostViewController.swift */ = {isa = PBXFileReference; fileEncoding = 4; lastKnownFileType = sourcecode.swift; path = AddPostViewController.swift; sourceTree = "<group>"; };
		42E4FF7E1B8726AB00A8B1C3 /* notificationsViewController.swift */ = {isa = PBXFileReference; fileEncoding = 4; lastKnownFileType = sourcecode.swift; path = notificationsViewController.swift; sourceTree = "<group>"; };
		42E4FF801B872FFB00A8B1C3 /* NotificationCell.swift */ = {isa = PBXFileReference; fileEncoding = 4; lastKnownFileType = sourcecode.swift; path = NotificationCell.swift; sourceTree = "<group>"; };
		42E55C141B9EE4BC000C102E /* ALCameraView.strings */ = {isa = PBXFileReference; fileEncoding = 4; lastKnownFileType = text.plist.strings; path = ALCameraView.strings; sourceTree = "<group>"; };
		42E55C151B9EE4BC000C102E /* ALCameraViewAssets.xcassets */ = {isa = PBXFileReference; lastKnownFileType = folder.assetcatalog; path = ALCameraViewAssets.xcassets; sourceTree = "<group>"; };
		42E55C171B9EE4BC000C102E /* ALImageModel.swift */ = {isa = PBXFileReference; fileEncoding = 4; lastKnownFileType = sourcecode.swift; path = ALImageModel.swift; sourceTree = "<group>"; };
		42E55C191B9EE4BC000C102E /* ALCameraShot.swift */ = {isa = PBXFileReference; fileEncoding = 4; lastKnownFileType = sourcecode.swift; path = ALCameraShot.swift; sourceTree = "<group>"; };
		42E55C1A1B9EE4BC000C102E /* ALImageFetchingInteractor.swift */ = {isa = PBXFileReference; fileEncoding = 4; lastKnownFileType = sourcecode.swift; path = ALImageFetchingInteractor.swift; sourceTree = "<group>"; };
		42E55C1B1B9EE4BC000C102E /* ALUtilities.swift */ = {isa = PBXFileReference; fileEncoding = 4; lastKnownFileType = sourcecode.swift; path = ALUtilities.swift; sourceTree = "<group>"; };
		42E55C1D1B9EE4BC000C102E /* ALCameraViewController.swift */ = {isa = PBXFileReference; fileEncoding = 4; lastKnownFileType = sourcecode.swift; path = ALCameraViewController.swift; sourceTree = "<group>"; };
		42E55C1E1B9EE4BC000C102E /* ALConfirmViewController.swift */ = {isa = PBXFileReference; fileEncoding = 4; lastKnownFileType = sourcecode.swift; path = ALConfirmViewController.swift; sourceTree = "<group>"; };
		42E55C1F1B9EE4BC000C102E /* ALImagePickerViewController.swift */ = {isa = PBXFileReference; fileEncoding = 4; lastKnownFileType = sourcecode.swift; path = ALImagePickerViewController.swift; sourceTree = "<group>"; };
		42E55C201B9EE4BC000C102E /* ALImagePickerViewDelegate.swift */ = {isa = PBXFileReference; fileEncoding = 4; lastKnownFileType = sourcecode.swift; path = ALImagePickerViewDelegate.swift; sourceTree = "<group>"; };
		42E55C221B9EE4BC000C102E /* ALCameraView.swift */ = {isa = PBXFileReference; fileEncoding = 4; lastKnownFileType = sourcecode.swift; path = ALCameraView.swift; sourceTree = "<group>"; };
		42E55C231B9EE4BC000C102E /* ALCropOverlay.swift */ = {isa = PBXFileReference; fileEncoding = 4; lastKnownFileType = sourcecode.swift; path = ALCropOverlay.swift; sourceTree = "<group>"; };
		42E55C241B9EE4BC000C102E /* ALImageCell.swift */ = {isa = PBXFileReference; fileEncoding = 4; lastKnownFileType = sourcecode.swift; path = ALImageCell.swift; sourceTree = "<group>"; };
		42E55C251B9EE4BC000C102E /* ALPermissionsView.swift */ = {isa = PBXFileReference; fileEncoding = 4; lastKnownFileType = sourcecode.swift; path = ALPermissionsView.swift; sourceTree = "<group>"; };
		42E92AA01BA0313F003973B0 /* EmptyView.swift */ = {isa = PBXFileReference; fileEncoding = 4; lastKnownFileType = sourcecode.swift; name = EmptyView.swift; path = ALCameraViewController/EmptyView.swift; sourceTree = "<group>"; };
		42E92AA41BA04BF8003973B0 /* EmptyView.xib */ = {isa = PBXFileReference; fileEncoding = 4; lastKnownFileType = file.xib; path = EmptyView.xib; sourceTree = "<group>"; };
		42EB28231B74BCE400AB0331 /* Utilities.swift */ = {isa = PBXFileReference; fileEncoding = 4; lastKnownFileType = sourcecode.swift; path = Utilities.swift; sourceTree = "<group>"; };
		42EB28251B74D79100AB0331 /* WebImage.framework */ = {isa = PBXFileReference; lastKnownFileType = wrapper.framework; name = WebImage.framework; path = Carthage/Build/iOS/WebImage.framework; sourceTree = "<group>"; };
		42ED1E441B7C91E600B0DE68 /* onBoardingViewController.swift */ = {isa = PBXFileReference; fileEncoding = 4; lastKnownFileType = sourcecode.swift; path = onBoardingViewController.swift; sourceTree = "<group>"; };
		42EF7C601BAAB16C00F112CE /* leftToRightNavController.swift */ = {isa = PBXFileReference; fileEncoding = 4; lastKnownFileType = sourcecode.swift; path = leftToRightNavController.swift; sourceTree = "<group>"; };
		42F01BEA1B79EAAB001386C1 /* loginViewController.swift */ = {isa = PBXFileReference; fileEncoding = 4; lastKnownFileType = sourcecode.swift; path = loginViewController.swift; sourceTree = "<group>"; };
		A069B87B32A12C58B4670050 /* Pods-Pipal.release.xcconfig */ = {isa = PBXFileReference; includeInIndex = 1; lastKnownFileType = text.xcconfig; name = "Pods-Pipal.release.xcconfig"; path = "Pods/Target Support Files/Pods-Pipal/Pods-Pipal.release.xcconfig"; sourceTree = "<group>"; };
		D51FB2E41B7891FC00518DA2 /* PopButton.swift */ = {isa = PBXFileReference; fileEncoding = 4; lastKnownFileType = sourcecode.swift; path = PopButton.swift; sourceTree = "<group>"; };
		D523439D1B94742400A8B7DC /* Pipal-Bridging-Header.h */ = {isa = PBXFileReference; lastKnownFileType = sourcecode.c.h; path = "Pipal-Bridging-Header.h"; sourceTree = "<group>"; };
		D547A47E1B6B5C4300B556B4 /* Me.jpg */ = {isa = PBXFileReference; lastKnownFileType = image.jpeg; path = Me.jpg; sourceTree = "<group>"; };
		D547A4801B6B69DB00B556B4 /* FeedViewController.swift */ = {isa = PBXFileReference; fileEncoding = 4; lastKnownFileType = sourcecode.swift; path = FeedViewController.swift; sourceTree = "<group>"; };
		D547A4821B6B717600B556B4 /* CellWithoutImage.swift */ = {isa = PBXFileReference; fileEncoding = 4; lastKnownFileType = sourcecode.swift; path = CellWithoutImage.swift; sourceTree = "<group>"; };
		D547A4841B6F526000B556B4 /* AC.png */ = {isa = PBXFileReference; lastKnownFileType = image.png; path = AC.png; sourceTree = "<group>"; };
		D547A4861B70B87C00B556B4 /* CommentsViewController.swift */ = {isa = PBXFileReference; fileEncoding = 4; lastKnownFileType = sourcecode.swift; path = CommentsViewController.swift; sourceTree = "<group>"; };
		D547A4881B70CFC900B556B4 /* CommentsHeaderCell.swift */ = {isa = PBXFileReference; fileEncoding = 4; lastKnownFileType = sourcecode.swift; path = CommentsHeaderCell.swift; sourceTree = "<group>"; };
		D547A48A1B70D29B00B556B4 /* CellWithImage.swift */ = {isa = PBXFileReference; fileEncoding = 4; lastKnownFileType = sourcecode.swift; path = CellWithImage.swift; sourceTree = "<group>"; };
		D54B9BD21B7B52B20075836C /* UIColorExtension.swift */ = {isa = PBXFileReference; fileEncoding = 4; lastKnownFileType = sourcecode.swift; path = UIColorExtension.swift; sourceTree = "<group>"; };
		D54B9BD41B7DD2520075836C /* PostController.swift */ = {isa = PBXFileReference; fileEncoding = 4; lastKnownFileType = sourcecode.swift; path = PostController.swift; sourceTree = "<group>"; };
		D5604CE51B721FFF002AD200 /* Alamofire.framework */ = {isa = PBXFileReference; lastKnownFileType = wrapper.framework; name = Alamofire.framework; path = Carthage/Build/iOS/Alamofire.framework; sourceTree = "<group>"; };
		D5604CE61B721FFF002AD200 /* SVProgressHUD.framework */ = {isa = PBXFileReference; lastKnownFileType = wrapper.framework; name = SVProgressHUD.framework; path = Carthage/Build/iOS/SVProgressHUD.framework; sourceTree = "<group>"; };
		D5604CE71B721FFF002AD200 /* SwiftyJSON.framework */ = {isa = PBXFileReference; lastKnownFileType = wrapper.framework; name = SwiftyJSON.framework; path = Carthage/Build/iOS/SwiftyJSON.framework; sourceTree = "<group>"; };
		D57382A01B7359150080A4FA /* APIConstants.swift */ = {isa = PBXFileReference; fileEncoding = 4; lastKnownFileType = sourcecode.swift; path = APIConstants.swift; sourceTree = "<group>"; };
		D5B3E47D1B6A2CB000F3DF9F /* Pipal.app */ = {isa = PBXFileReference; explicitFileType = wrapper.application; includeInIndex = 0; path = Pipal.app; sourceTree = BUILT_PRODUCTS_DIR; };
		D5B3E4811B6A2CB000F3DF9F /* Info.plist */ = {isa = PBXFileReference; lastKnownFileType = text.plist.xml; path = Info.plist; sourceTree = "<group>"; };
		D5B3E4821B6A2CB000F3DF9F /* AppDelegate.swift */ = {isa = PBXFileReference; lastKnownFileType = sourcecode.swift; path = AppDelegate.swift; sourceTree = "<group>"; };
		D5B3E4841B6A2CB000F3DF9F /* RootViewController.swift */ = {isa = PBXFileReference; lastKnownFileType = sourcecode.swift; path = RootViewController.swift; sourceTree = "<group>"; };
		D5B3E4861B6A2CB000F3DF9F /* DataViewController.swift */ = {isa = PBXFileReference; lastKnownFileType = sourcecode.swift; path = DataViewController.swift; sourceTree = "<group>"; };
		D5B3E4881B6A2CB000F3DF9F /* ModelController.swift */ = {isa = PBXFileReference; lastKnownFileType = sourcecode.swift; path = ModelController.swift; sourceTree = "<group>"; };
		D5B3E48B1B6A2CB000F3DF9F /* Base */ = {isa = PBXFileReference; lastKnownFileType = file.storyboard; name = Base; path = Base.lproj/Main.storyboard; sourceTree = "<group>"; };
		D5B3E48D1B6A2CB000F3DF9F /* Images.xcassets */ = {isa = PBXFileReference; lastKnownFileType = folder.assetcatalog; path = Images.xcassets; sourceTree = "<group>"; };
		D5B3E4901B6A2CB000F3DF9F /* Base */ = {isa = PBXFileReference; lastKnownFileType = file.xib; name = Base; path = Base.lproj/LaunchScreen.xib; sourceTree = "<group>"; };
		D5B3E49B1B6A2CB000F3DF9F /* Info.plist */ = {isa = PBXFileReference; lastKnownFileType = text.plist.xml; path = Info.plist; sourceTree = "<group>"; };
		D5B3E49C1B6A2CB000F3DF9F /* HoodTests.swift */ = {isa = PBXFileReference; lastKnownFileType = sourcecode.swift; path = HoodTests.swift; sourceTree = "<group>"; };
		D5B3E4A71B6A33E000F3DF9F /* Lato-Black.ttf */ = {isa = PBXFileReference; lastKnownFileType = file; path = "Lato-Black.ttf"; sourceTree = "<group>"; };
		D5B3E4A81B6A33E000F3DF9F /* Lato-BlackItalic.ttf */ = {isa = PBXFileReference; lastKnownFileType = file; path = "Lato-BlackItalic.ttf"; sourceTree = "<group>"; };
		D5B3E4A91B6A33E000F3DF9F /* Lato-Bold.ttf */ = {isa = PBXFileReference; lastKnownFileType = file; path = "Lato-Bold.ttf"; sourceTree = "<group>"; };
		D5B3E4AA1B6A33E000F3DF9F /* Lato-BoldItalic.ttf */ = {isa = PBXFileReference; lastKnownFileType = file; path = "Lato-BoldItalic.ttf"; sourceTree = "<group>"; };
		D5B3E4AB1B6A33E000F3DF9F /* Lato-Hairline.ttf */ = {isa = PBXFileReference; lastKnownFileType = file; path = "Lato-Hairline.ttf"; sourceTree = "<group>"; };
		D5B3E4AC1B6A33E000F3DF9F /* Lato-HairlineItalic.ttf */ = {isa = PBXFileReference; lastKnownFileType = file; path = "Lato-HairlineItalic.ttf"; sourceTree = "<group>"; };
		D5B3E4AD1B6A33E000F3DF9F /* Lato-Italic.ttf */ = {isa = PBXFileReference; lastKnownFileType = file; path = "Lato-Italic.ttf"; sourceTree = "<group>"; };
		D5B3E4AE1B6A33E000F3DF9F /* Lato-Light.ttf */ = {isa = PBXFileReference; lastKnownFileType = file; path = "Lato-Light.ttf"; sourceTree = "<group>"; };
		D5B3E4AF1B6A33E000F3DF9F /* Lato-LightItalic.ttf */ = {isa = PBXFileReference; lastKnownFileType = file; path = "Lato-LightItalic.ttf"; sourceTree = "<group>"; };
		D5B3E4B01B6A33E000F3DF9F /* Lato-Regular.ttf */ = {isa = PBXFileReference; lastKnownFileType = file; path = "Lato-Regular.ttf"; sourceTree = "<group>"; };
		D5B3E4B11B6A33E000F3DF9F /* OFL.txt */ = {isa = PBXFileReference; fileEncoding = 4; lastKnownFileType = text; path = OFL.txt; sourceTree = "<group>"; };
		D5EBCFC61B85BEFE000E0656 /* ChannelPickerView.swift */ = {isa = PBXFileReference; fileEncoding = 4; lastKnownFileType = sourcecode.swift; path = ChannelPickerView.swift; sourceTree = "<group>"; };
		D5EBCFC81B870ED2000E0656 /* Fabric.framework */ = {isa = PBXFileReference; lastKnownFileType = wrapper.framework; path = Fabric.framework; sourceTree = "<group>"; };
		D5EBCFC91B870ED2000E0656 /* Crashlytics.framework */ = {isa = PBXFileReference; lastKnownFileType = wrapper.framework; path = Crashlytics.framework; sourceTree = "<group>"; };
		D5EBCFCD1B874832000E0656 /* Model.xcdatamodel */ = {isa = PBXFileReference; lastKnownFileType = wrapper.xcdatamodel; path = Model.xcdatamodel; sourceTree = "<group>"; };
		D5EBCFD01B8C4AF5000E0656 /* User.swift */ = {isa = PBXFileReference; fileEncoding = 4; lastKnownFileType = sourcecode.swift; path = User.swift; sourceTree = "<group>"; };
		D5EBCFD21B8C4AF5000E0656 /* Channel.swift */ = {isa = PBXFileReference; fileEncoding = 4; lastKnownFileType = sourcecode.swift; path = Channel.swift; sourceTree = "<group>"; };
		D5EBCFD41B8C4AF5000E0656 /* Post.swift */ = {isa = PBXFileReference; fileEncoding = 4; lastKnownFileType = sourcecode.swift; path = Post.swift; sourceTree = "<group>"; };
		D5EBCFD61B8C4AF5000E0656 /* ParentObject.swift */ = {isa = PBXFileReference; fileEncoding = 4; lastKnownFileType = sourcecode.swift; path = ParentObject.swift; sourceTree = "<group>"; };
		D5EBCFD81B8C4AF5000E0656 /* Neighbourhood.swift */ = {isa = PBXFileReference; fileEncoding = 4; lastKnownFileType = sourcecode.swift; path = Neighbourhood.swift; sourceTree = "<group>"; };
		D5EBCFDA1B8C4AF6000E0656 /* Comment.swift */ = {isa = PBXFileReference; fileEncoding = 4; lastKnownFileType = sourcecode.swift; path = Comment.swift; sourceTree = "<group>"; };
		D5EBD00F1B8C5A67000E0656 /* CoreData.framework */ = {isa = PBXFileReference; lastKnownFileType = wrapper.framework; name = CoreData.framework; path = System/Library/Frameworks/CoreData.framework; sourceTree = SDKROOT; };
/* End PBXFileReference section */

/* Begin PBXFrameworksBuildPhase section */
		D5B3E47A1B6A2CB000F3DF9F /* Frameworks */ = {
			isa = PBXFrameworksBuildPhase;
			buildActionMask = 2147483647;
			files = (
				D5EBD0101B8C5A67000E0656 /* CoreData.framework in Frameworks */,
				D5604CEE1B72238E002AD200 /* SVProgressHUD.framework in Frameworks */,
				D5EBCFCB1B870ED2000E0656 /* Crashlytics.framework in Frameworks */,
				D5EBCFCA1B870ED2000E0656 /* Fabric.framework in Frameworks */,
				D5604CEC1B72238E002AD200 /* Alamofire.framework in Frameworks */,
				D5604CF01B72238E002AD200 /* SwiftyJSON.framework in Frameworks */,
				42EB28261B74D79100AB0331 /* WebImage.framework in Frameworks */,
				EB31196E8B8B42EC52B694BD /* Pods_Pipal.framework in Frameworks */,
			);
			runOnlyForDeploymentPostprocessing = 0;
		};
/* End PBXFrameworksBuildPhase section */

/* Begin PBXGroup section */
		13C83B23F3C981F233DA618A /* Frameworks */ = {
			isa = PBXGroup;
			children = (
				13016DCF20A890DF09DDEC19 /* Pods_Pipal.framework */,
			);
			name = Frameworks;
			sourceTree = "<group>";
		};
		42E55C131B9EE4BC000C102E /* ALCameraViewController */ = {
			isa = PBXGroup;
			children = (
				42E55C141B9EE4BC000C102E /* ALCameraView.strings */,
				42E55C151B9EE4BC000C102E /* ALCameraViewAssets.xcassets */,
				42E55C161B9EE4BC000C102E /* Models */,
				42E55C181B9EE4BC000C102E /* Utilities */,
				42E55C1C1B9EE4BC000C102E /* ViewController */,
				42E55C211B9EE4BC000C102E /* Views */,
			);
			path = ALCameraViewController;
			sourceTree = "<group>";
		};
		42E55C161B9EE4BC000C102E /* Models */ = {
			isa = PBXGroup;
			children = (
				42E55C171B9EE4BC000C102E /* ALImageModel.swift */,
			);
			path = Models;
			sourceTree = "<group>";
		};
		42E55C181B9EE4BC000C102E /* Utilities */ = {
			isa = PBXGroup;
			children = (
				42E55C191B9EE4BC000C102E /* ALCameraShot.swift */,
				42E55C1A1B9EE4BC000C102E /* ALImageFetchingInteractor.swift */,
				42E55C1B1B9EE4BC000C102E /* ALUtilities.swift */,
			);
			path = Utilities;
			sourceTree = "<group>";
		};
		42E55C1C1B9EE4BC000C102E /* ViewController */ = {
			isa = PBXGroup;
			children = (
				42E55C1D1B9EE4BC000C102E /* ALCameraViewController.swift */,
				42E55C1E1B9EE4BC000C102E /* ALConfirmViewController.swift */,
				42E55C1F1B9EE4BC000C102E /* ALImagePickerViewController.swift */,
				42E55C201B9EE4BC000C102E /* ALImagePickerViewDelegate.swift */,
			);
			path = ViewController;
			sourceTree = "<group>";
		};
		42E55C211B9EE4BC000C102E /* Views */ = {
			isa = PBXGroup;
			children = (
				42E55C221B9EE4BC000C102E /* ALCameraView.swift */,
				42E55C231B9EE4BC000C102E /* ALCropOverlay.swift */,
				42E55C241B9EE4BC000C102E /* ALImageCell.swift */,
				42E55C251B9EE4BC000C102E /* ALPermissionsView.swift */,
			);
			path = Views;
			sourceTree = "<group>";
		};
		74F0A7C0E9AF33422FD0E659 /* Pods */ = {
			isa = PBXGroup;
			children = (
				3365645C8D920F3726D61C70 /* Pods-Pipal.debug.xcconfig */,
				A069B87B32A12C58B4670050 /* Pods-Pipal.release.xcconfig */,
			);
			name = Pods;
			sourceTree = "<group>";
		};
		D5B3E4741B6A2CB000F3DF9F = {
			isa = PBXGroup;
			children = (
				D5EBD00F1B8C5A67000E0656 /* CoreData.framework */,
				D5EBCFC81B870ED2000E0656 /* Fabric.framework */,
				D5EBCFC91B870ED2000E0656 /* Crashlytics.framework */,
				42EB28251B74D79100AB0331 /* WebImage.framework */,
				D5604CE51B721FFF002AD200 /* Alamofire.framework */,
				D5604CE61B721FFF002AD200 /* SVProgressHUD.framework */,
				D5604CE71B721FFF002AD200 /* SwiftyJSON.framework */,
				D5B3E47F1B6A2CB000F3DF9F /* Hood */,
				D5B3E4991B6A2CB000F3DF9F /* HoodTests */,
				D5B3E47E1B6A2CB000F3DF9F /* Products */,
				74F0A7C0E9AF33422FD0E659 /* Pods */,
				13C83B23F3C981F233DA618A /* Frameworks */,
			);
			sourceTree = "<group>";
		};
		D5B3E47E1B6A2CB000F3DF9F /* Products */ = {
			isa = PBXGroup;
			children = (
				D5B3E47D1B6A2CB000F3DF9F /* Pipal.app */,
			);
			name = Products;
			sourceTree = "<group>";
		};
		D5B3E47F1B6A2CB000F3DF9F /* Hood */ = {
			isa = PBXGroup;
			children = (
				42E55C131B9EE4BC000C102E /* ALCameraViewController */,
				D5EBCFCF1B8C4AB5000E0656 /* Models */,
				423983E11B7BC50200F9D4AF /* commentCell.swift */,
				42E92AA01BA0313F003973B0 /* EmptyView.swift */,
				42E92AA41BA04BF8003973B0 /* EmptyView.xib */,
				D5B3E4BE1B6A33EC00F3DF9F /* Assets */,
				D5B3E4821B6A2CB000F3DF9F /* AppDelegate.swift */,
				42F01BEA1B79EAAB001386C1 /* loginViewController.swift */,
				D51FB2E41B7891FC00518DA2 /* PopButton.swift */,
				D5B3E4841B6A2CB000F3DF9F /* RootViewController.swift */,
				D547A4861B70B87C00B556B4 /* CommentsViewController.swift */,
				D547A4881B70CFC900B556B4 /* CommentsHeaderCell.swift */,
				D547A48A1B70D29B00B556B4 /* CellWithImage.swift */,
				D5B3E4861B6A2CB000F3DF9F /* DataViewController.swift */,
				D5B3E4881B6A2CB000F3DF9F /* ModelController.swift */,
				D547A4801B6B69DB00B556B4 /* FeedViewController.swift */,
				42EB28231B74BCE400AB0331 /* Utilities.swift */,
				D547A4821B6B717600B556B4 /* CellWithoutImage.swift */,
				D5B3E48A1B6A2CB000F3DF9F /* Main.storyboard */,
				42EF7C601BAAB16C00F112CE /* leftToRightNavController.swift */,
				42E4FF801B872FFB00A8B1C3 /* NotificationCell.swift */,
				42E4FF7E1B8726AB00A8B1C3 /* notificationsViewController.swift */,
				42ED1E441B7C91E600B0DE68 /* onBoardingViewController.swift */,
				425DF22D1B720CC900837B8C /* AddPostViewController.swift */,
				D5B3E48D1B6A2CB000F3DF9F /* Images.xcassets */,
				D5B3E48F1B6A2CB000F3DF9F /* LaunchScreen.xib */,
				D5B3E4801B6A2CB000F3DF9F /* Supporting Files */,
				D57382A01B7359150080A4FA /* APIConstants.swift */,
				D54B9BD21B7B52B20075836C /* UIColorExtension.swift */,
				D54B9BD41B7DD2520075836C /* PostController.swift */,
				D5EBCFC61B85BEFE000E0656 /* ChannelPickerView.swift */,
				D5EBCFCC1B874832000E0656 /* Model.xcdatamodeld */,
				D523439D1B94742400A8B7DC /* Pipal-Bridging-Header.h */,
			);
			path = Hood;
			sourceTree = "<group>";
		};
		D5B3E4801B6A2CB000F3DF9F /* Supporting Files */ = {
			isa = PBXGroup;
			children = (
				D5B3E4811B6A2CB000F3DF9F /* Info.plist */,
			);
			name = "Supporting Files";
			sourceTree = "<group>";
		};
		D5B3E4991B6A2CB000F3DF9F /* HoodTests */ = {
			isa = PBXGroup;
			children = (
				D5B3E49C1B6A2CB000F3DF9F /* HoodTests.swift */,
				D5B3E49A1B6A2CB000F3DF9F /* Supporting Files */,
			);
			path = HoodTests;
			sourceTree = "<group>";
		};
		D5B3E49A1B6A2CB000F3DF9F /* Supporting Files */ = {
			isa = PBXGroup;
			children = (
				D5B3E49B1B6A2CB000F3DF9F /* Info.plist */,
			);
			name = "Supporting Files";
			sourceTree = "<group>";
		};
		D5B3E4A61B6A33E000F3DF9F /* Lato */ = {
			isa = PBXGroup;
			children = (
				D5B3E4A71B6A33E000F3DF9F /* Lato-Black.ttf */,
				D5B3E4A81B6A33E000F3DF9F /* Lato-BlackItalic.ttf */,
				D5B3E4A91B6A33E000F3DF9F /* Lato-Bold.ttf */,
				D5B3E4AA1B6A33E000F3DF9F /* Lato-BoldItalic.ttf */,
				D5B3E4AB1B6A33E000F3DF9F /* Lato-Hairline.ttf */,
				D5B3E4AC1B6A33E000F3DF9F /* Lato-HairlineItalic.ttf */,
				D5B3E4AD1B6A33E000F3DF9F /* Lato-Italic.ttf */,
				D5B3E4AE1B6A33E000F3DF9F /* Lato-Light.ttf */,
				D5B3E4AF1B6A33E000F3DF9F /* Lato-LightItalic.ttf */,
				D5B3E4B01B6A33E000F3DF9F /* Lato-Regular.ttf */,
				D5B3E4B11B6A33E000F3DF9F /* OFL.txt */,
			);
			path = Lato;
			sourceTree = "<group>";
		};
		D5B3E4BE1B6A33EC00F3DF9F /* Assets */ = {
			isa = PBXGroup;
			children = (
				D547A4841B6F526000B556B4 /* AC.png */,
				D547A47E1B6B5C4300B556B4 /* Me.jpg */,
				D5B3E4A61B6A33E000F3DF9F /* Lato */,
			);
			name = Assets;
			sourceTree = "<group>";
		};
		D5EBCFCF1B8C4AB5000E0656 /* Models */ = {
			isa = PBXGroup;
			children = (
				D5EBCFDA1B8C4AF6000E0656 /* Comment.swift */,
				D5EBCFD81B8C4AF5000E0656 /* Neighbourhood.swift */,
				D5EBCFD61B8C4AF5000E0656 /* ParentObject.swift */,
				D5EBCFD41B8C4AF5000E0656 /* Post.swift */,
				D5EBCFD21B8C4AF5000E0656 /* Channel.swift */,
				D5EBCFD01B8C4AF5000E0656 /* User.swift */,
			);
			name = Models;
			sourceTree = "<group>";
		};
/* End PBXGroup section */

/* Begin PBXNativeTarget section */
		D5B3E47C1B6A2CB000F3DF9F /* Pipal */ = {
			isa = PBXNativeTarget;
			buildConfigurationList = D5B3E4A01B6A2CB000F3DF9F /* Build configuration list for PBXNativeTarget "Pipal" */;
			buildPhases = (
				B2025DDA0FE85880F72D316C /* Check Pods Manifest.lock */,
				D5B3E4791B6A2CB000F3DF9F /* Sources */,
				D5B3E47A1B6A2CB000F3DF9F /* Frameworks */,
				D5B3E47B1B6A2CB000F3DF9F /* Resources */,
				D5604CEB1B7222A3002AD200 /* ShellScript */,
				D5604CF21B72238E002AD200 /* Embed Frameworks */,
				DE23EB1CEC4A061D2359E900 /* Copy Pods Resources */,
				5F910EB43B72D1662E3985FA /* Embed Pods Frameworks */,
			);
			buildRules = (
			);
			dependencies = (
			);
			name = Pipal;
			productName = Hood;
			productReference = D5B3E47D1B6A2CB000F3DF9F /* Pipal.app */;
			productType = "com.apple.product-type.application";
		};
/* End PBXNativeTarget section */

/* Begin PBXProject section */
		D5B3E4751B6A2CB000F3DF9F /* Project object */ = {
			isa = PBXProject;
			attributes = {
				LastSwiftUpdateCheck = 0700;
				LastUpgradeCheck = 0700;
				ORGANIZATIONNAME = "Housing Labs";
				TargetAttributes = {
					D5B3E47C1B6A2CB000F3DF9F = {
						CreatedOnToolsVersion = 6.4;
						DevelopmentTeam = F3642YKY5X;
					};
				};
			};
			buildConfigurationList = D5B3E4781B6A2CB000F3DF9F /* Build configuration list for PBXProject "Pipal" */;
			compatibilityVersion = "Xcode 3.2";
			developmentRegion = English;
			hasScannedForEncodings = 0;
			knownRegions = (
				en,
				Base,
			);
			mainGroup = D5B3E4741B6A2CB000F3DF9F;
			productRefGroup = D5B3E47E1B6A2CB000F3DF9F /* Products */;
			projectDirPath = "";
			projectRoot = "";
			targets = (
				D5B3E47C1B6A2CB000F3DF9F /* Pipal */,
			);
		};
/* End PBXProject section */

/* Begin PBXResourcesBuildPhase section */
		D5B3E47B1B6A2CB000F3DF9F /* Resources */ = {
			isa = PBXResourcesBuildPhase;
			buildActionMask = 2147483647;
			files = (
				D5B3E4BC1B6A33E000F3DF9F /* OFL.txt in Resources */,
				D5B3E4B81B6A33E000F3DF9F /* Lato-Italic.ttf in Resources */,
				D5B3E4B21B6A33E000F3DF9F /* Lato-Black.ttf in Resources */,
				D5B3E4B41B6A33E000F3DF9F /* Lato-Bold.ttf in Resources */,
				42E55C261B9EE4BC000C102E /* ALCameraView.strings in Resources */,
				D5B3E4B91B6A33E000F3DF9F /* Lato-Light.ttf in Resources */,
				D547A47F1B6B5C4300B556B4 /* Me.jpg in Resources */,
				D5B3E48C1B6A2CB000F3DF9F /* Main.storyboard in Resources */,
				D5B3E4B31B6A33E000F3DF9F /* Lato-BlackItalic.ttf in Resources */,
				D5B3E4911B6A2CB000F3DF9F /* LaunchScreen.xib in Resources */,
				42E92AA51BA04BF8003973B0 /* EmptyView.xib in Resources */,
				D5B3E4BA1B6A33E000F3DF9F /* Lato-LightItalic.ttf in Resources */,
				D5B3E4B71B6A33E000F3DF9F /* Lato-HairlineItalic.ttf in Resources */,
				D5B3E4B51B6A33E000F3DF9F /* Lato-BoldItalic.ttf in Resources */,
				42E55C271B9EE4BC000C102E /* ALCameraViewAssets.xcassets in Resources */,
				D5B3E4BB1B6A33E000F3DF9F /* Lato-Regular.ttf in Resources */,
				D5B3E4B61B6A33E000F3DF9F /* Lato-Hairline.ttf in Resources */,
				D547A4851B6F526000B556B4 /* AC.png in Resources */,
				D5B3E48E1B6A2CB000F3DF9F /* Images.xcassets in Resources */,
			);
			runOnlyForDeploymentPostprocessing = 0;
		};
/* End PBXResourcesBuildPhase section */

/* Begin PBXShellScriptBuildPhase section */
		5F910EB43B72D1662E3985FA /* Embed Pods Frameworks */ = {
			isa = PBXShellScriptBuildPhase;
			buildActionMask = 2147483647;
			files = (
			);
			inputPaths = (
			);
			name = "Embed Pods Frameworks";
			outputPaths = (
			);
			runOnlyForDeploymentPostprocessing = 0;
			shellPath = /bin/sh;
			shellScript = "\"${SRCROOT}/Pods/Target Support Files/Pods-Pipal/Pods-Pipal-frameworks.sh\"\n";
			showEnvVarsInLog = 0;
		};
		B2025DDA0FE85880F72D316C /* Check Pods Manifest.lock */ = {
			isa = PBXShellScriptBuildPhase;
			buildActionMask = 2147483647;
			files = (
			);
			inputPaths = (
			);
			name = "Check Pods Manifest.lock";
			outputPaths = (
			);
			runOnlyForDeploymentPostprocessing = 0;
			shellPath = /bin/sh;
			shellScript = "diff \"${PODS_ROOT}/../Podfile.lock\" \"${PODS_ROOT}/Manifest.lock\" > /dev/null\nif [[ $? != 0 ]] ; then\n    cat << EOM\nerror: The sandbox is not in sync with the Podfile.lock. Run 'pod install' or update your CocoaPods installation.\nEOM\n    exit 1\nfi\n";
			showEnvVarsInLog = 0;
		};
		D5604CEB1B7222A3002AD200 /* ShellScript */ = {
			isa = PBXShellScriptBuildPhase;
			buildActionMask = 2147483647;
			files = (
			);
			inputPaths = (
			);
			outputPaths = (
			);
			runOnlyForDeploymentPostprocessing = 0;
			shellPath = /bin/sh;
			shellScript = "/usr/local/bin/carthage copy-frameworks\n./Fabric.framework/run 82e2d034577b37c532c7339d0e032d91addd5373 86664007f0f9df941f5e32fce99d6c62e0356fd59dc749d1fd59a4573c2b6d14";
		};
		DE23EB1CEC4A061D2359E900 /* Copy Pods Resources */ = {
			isa = PBXShellScriptBuildPhase;
			buildActionMask = 2147483647;
			files = (
			);
			inputPaths = (
			);
			name = "Copy Pods Resources";
			outputPaths = (
			);
			runOnlyForDeploymentPostprocessing = 0;
			shellPath = /bin/sh;
			shellScript = "\"${SRCROOT}/Pods/Target Support Files/Pods-Pipal/Pods-Pipal-resources.sh\"\n";
			showEnvVarsInLog = 0;
		};
/* End PBXShellScriptBuildPhase section */

/* Begin PBXSourcesBuildPhase section */
		D5B3E4791B6A2CB000F3DF9F /* Sources */ = {
			isa = PBXSourcesBuildPhase;
			buildActionMask = 2147483647;
			files = (
				423983E21B7BC50200F9D4AF /* commentCell.swift in Sources */,
				42E55C2A1B9EE4BC000C102E /* ALImageFetchingInteractor.swift in Sources */,
				42F01BEB1B79EAAB001386C1 /* loginViewController.swift in Sources */,
				42E55C2C1B9EE4BC000C102E /* ALCameraViewController.swift in Sources */,
				42EF7C611BAAB16C00F112CE /* leftToRightNavController.swift in Sources */,
				D547A4831B6B717600B556B4 /* CellWithoutImage.swift in Sources */,
				D54B9BD31B7B52B20075836C /* UIColorExtension.swift in Sources */,
				42E55C281B9EE4BC000C102E /* ALImageModel.swift in Sources */,
				D51FB2E51B7891FC00518DA2 /* PopButton.swift in Sources */,
				42E4FF811B872FFB00A8B1C3 /* NotificationCell.swift in Sources */,
				D57382A11B7359150080A4FA /* APIConstants.swift in Sources */,
				D5EBCFC71B85BEFE000E0656 /* ChannelPickerView.swift in Sources */,
				D5EBCFCE1B874832000E0656 /* Model.xcdatamodeld in Sources */,
				D5B3E4851B6A2CB000F3DF9F /* RootViewController.swift in Sources */,
				D547A4891B70CFC900B556B4 /* CommentsHeaderCell.swift in Sources */,
				D547A4871B70B87C00B556B4 /* CommentsViewController.swift in Sources */,
				D5B3E4891B6A2CB000F3DF9F /* ModelController.swift in Sources */,
				42E55C2D1B9EE4BC000C102E /* ALConfirmViewController.swift in Sources */,
				42E4FF7F1B8726AB00A8B1C3 /* notificationsViewController.swift in Sources */,
				42E55C2F1B9EE4BC000C102E /* ALImagePickerViewDelegate.swift in Sources */,
				D5EBCFD51B8C4AF5000E0656 /* Post.swift in Sources */,
				42EB28241B74BCE400AB0331 /* Utilities.swift in Sources */,
				D5EBCFD71B8C4AF5000E0656 /* ParentObject.swift in Sources */,
				42E92AA11BA0313F003973B0 /* EmptyView.swift in Sources */,
				42E55C331B9EE4BC000C102E /* ALPermissionsView.swift in Sources */,
				42E55C2E1B9EE4BC000C102E /* ALImagePickerViewController.swift in Sources */,
				D5EBCFD31B8C4AF5000E0656 /* Channel.swift in Sources */,
				D547A4811B6B69DB00B556B4 /* FeedViewController.swift in Sources */,
				42E55C2B1B9EE4BC000C102E /* ALUtilities.swift in Sources */,
				D5EBCFD91B8C4AF5000E0656 /* Neighbourhood.swift in Sources */,
				42ED1E451B7C91E600B0DE68 /* onBoardingViewController.swift in Sources */,
				425DF22E1B720CC900837B8C /* AddPostViewController.swift in Sources */,
				D5B3E4871B6A2CB000F3DF9F /* DataViewController.swift in Sources */,
				D5EBCFDB1B8C4AF6000E0656 /* Comment.swift in Sources */,
				42E55C291B9EE4BC000C102E /* ALCameraShot.swift in Sources */,
				D547A48B1B70D29B00B556B4 /* CellWithImage.swift in Sources */,
				D5B3E4831B6A2CB000F3DF9F /* AppDelegate.swift in Sources */,
				42E55C321B9EE4BC000C102E /* ALImageCell.swift in Sources */,
				D54B9BD51B7DD2520075836C /* PostController.swift in Sources */,
				42E55C301B9EE4BC000C102E /* ALCameraView.swift in Sources */,
				D5EBCFD11B8C4AF5000E0656 /* User.swift in Sources */,
				42E55C311B9EE4BC000C102E /* ALCropOverlay.swift in Sources */,
			);
			runOnlyForDeploymentPostprocessing = 0;
		};
/* End PBXSourcesBuildPhase section */

/* Begin PBXVariantGroup section */
		D5B3E48A1B6A2CB000F3DF9F /* Main.storyboard */ = {
			isa = PBXVariantGroup;
			children = (
				D5B3E48B1B6A2CB000F3DF9F /* Base */,
			);
			name = Main.storyboard;
			sourceTree = "<group>";
		};
		D5B3E48F1B6A2CB000F3DF9F /* LaunchScreen.xib */ = {
			isa = PBXVariantGroup;
			children = (
				D5B3E4901B6A2CB000F3DF9F /* Base */,
			);
			name = LaunchScreen.xib;
			sourceTree = "<group>";
		};
/* End PBXVariantGroup section */

/* Begin XCBuildConfiguration section */
		D5B3E49E1B6A2CB000F3DF9F /* Debug */ = {
			isa = XCBuildConfiguration;
			buildSettings = {
				ALWAYS_SEARCH_USER_PATHS = NO;
				CLANG_CXX_LANGUAGE_STANDARD = "gnu++0x";
				CLANG_CXX_LIBRARY = "libc++";
				CLANG_ENABLE_MODULES = YES;
				CLANG_ENABLE_OBJC_ARC = YES;
				CLANG_WARN_BOOL_CONVERSION = YES;
				CLANG_WARN_CONSTANT_CONVERSION = YES;
				CLANG_WARN_DIRECT_OBJC_ISA_USAGE = YES_ERROR;
				CLANG_WARN_EMPTY_BODY = YES;
				CLANG_WARN_ENUM_CONVERSION = YES;
				CLANG_WARN_INT_CONVERSION = YES;
				CLANG_WARN_OBJC_ROOT_CLASS = YES_ERROR;
				CLANG_WARN_UNREACHABLE_CODE = YES;
				CLANG_WARN__DUPLICATE_METHOD_MATCH = YES;
				CODE_SIGN_IDENTITY = "iPhone Developer";
				"CODE_SIGN_IDENTITY[sdk=iphoneos*]" = "iPhone Developer";
				COPY_PHASE_STRIP = NO;
				DEBUG_INFORMATION_FORMAT = "dwarf-with-dsym";
				ENABLE_STRICT_OBJC_MSGSEND = YES;
				ENABLE_TESTABILITY = YES;
				GCC_C_LANGUAGE_STANDARD = gnu99;
				GCC_DYNAMIC_NO_PIC = NO;
				GCC_NO_COMMON_BLOCKS = YES;
				GCC_OPTIMIZATION_LEVEL = 0;
				GCC_PREPROCESSOR_DEFINITIONS = (
					"DEBUG=1",
					"$(inherited)",
				);
				GCC_SYMBOLS_PRIVATE_EXTERN = NO;
				GCC_WARN_64_TO_32_BIT_CONVERSION = YES;
				GCC_WARN_ABOUT_RETURN_TYPE = YES_ERROR;
				GCC_WARN_UNDECLARED_SELECTOR = YES;
				GCC_WARN_UNINITIALIZED_AUTOS = YES_AGGRESSIVE;
				GCC_WARN_UNUSED_FUNCTION = YES;
				GCC_WARN_UNUSED_VARIABLE = YES;
				IPHONEOS_DEPLOYMENT_TARGET = 8.4;
				MTL_ENABLE_DEBUG_INFO = YES;
				ONLY_ACTIVE_ARCH = YES;
				SDKROOT = iphoneos;
				SWIFT_OPTIMIZATION_LEVEL = "-Onone";
			};
			name = Debug;
		};
		D5B3E49F1B6A2CB000F3DF9F /* Release */ = {
			isa = XCBuildConfiguration;
			buildSettings = {
				ALWAYS_SEARCH_USER_PATHS = NO;
				CLANG_CXX_LANGUAGE_STANDARD = "gnu++0x";
				CLANG_CXX_LIBRARY = "libc++";
				CLANG_ENABLE_MODULES = YES;
				CLANG_ENABLE_OBJC_ARC = YES;
				CLANG_WARN_BOOL_CONVERSION = YES;
				CLANG_WARN_CONSTANT_CONVERSION = YES;
				CLANG_WARN_DIRECT_OBJC_ISA_USAGE = YES_ERROR;
				CLANG_WARN_EMPTY_BODY = YES;
				CLANG_WARN_ENUM_CONVERSION = YES;
				CLANG_WARN_INT_CONVERSION = YES;
				CLANG_WARN_OBJC_ROOT_CLASS = YES_ERROR;
				CLANG_WARN_UNREACHABLE_CODE = YES;
				CLANG_WARN__DUPLICATE_METHOD_MATCH = YES;
				CODE_SIGN_IDENTITY = "iPhone Developer";
				"CODE_SIGN_IDENTITY[sdk=iphoneos*]" = "iPhone Developer";
				COPY_PHASE_STRIP = NO;
				DEBUG_INFORMATION_FORMAT = "dwarf-with-dsym";
				ENABLE_NS_ASSERTIONS = NO;
				ENABLE_STRICT_OBJC_MSGSEND = YES;
				GCC_C_LANGUAGE_STANDARD = gnu99;
				GCC_NO_COMMON_BLOCKS = YES;
				GCC_WARN_64_TO_32_BIT_CONVERSION = YES;
				GCC_WARN_ABOUT_RETURN_TYPE = YES_ERROR;
				GCC_WARN_UNDECLARED_SELECTOR = YES;
				GCC_WARN_UNINITIALIZED_AUTOS = YES_AGGRESSIVE;
				GCC_WARN_UNUSED_FUNCTION = YES;
				GCC_WARN_UNUSED_VARIABLE = YES;
				IPHONEOS_DEPLOYMENT_TARGET = 8.4;
				MTL_ENABLE_DEBUG_INFO = NO;
				SDKROOT = iphoneos;
				VALIDATE_PRODUCT = YES;
			};
			name = Release;
		};
		D5B3E4A11B6A2CB000F3DF9F /* Debug */ = {
			isa = XCBuildConfiguration;
			baseConfigurationReference = 3365645C8D920F3726D61C70 /* Pods-Pipal.debug.xcconfig */;
			buildSettings = {
				ASSETCATALOG_COMPILER_APPICON_NAME = AppIcon;
				CLANG_ENABLE_MODULES = YES;
				CODE_SIGN_IDENTITY = "iPhone Developer: Robin Malhotra (Q7B4ER6Z34)";
				"CODE_SIGN_IDENTITY[sdk=iphoneos*]" = "iPhone Developer: Robin Malhotra (Q7B4ER6Z34)";
				ENABLE_BITCODE = NO;
				FRAMEWORK_SEARCH_PATHS = (
					"$(inherited)",
					"$(PROJECT_DIR)/Carthage/Build/iOS",
					"~/Documents/FacebookSDK",
					"$(PROJECT_DIR)",
				);
				INFOPLIST_FILE = Hood/Info.plist;
				LD_RUNPATH_SEARCH_PATHS = "$(inherited) @executable_path/Frameworks";
				PRODUCT_BUNDLE_IDENTIFIER = "housing.$(PRODUCT_NAME:rfc1034identifier)";
				PRODUCT_NAME = Pipal;
				PROVISIONING_PROFILE = "";
				SWIFT_OBJC_BRIDGING_HEADER = "Hood/Pipal-Bridging-Header.h";
				SWIFT_OPTIMIZATION_LEVEL = "-Onone";
			};
			name = Debug;
		};
		D5B3E4A21B6A2CB000F3DF9F /* Release */ = {
			isa = XCBuildConfiguration;
			baseConfigurationReference = A069B87B32A12C58B4670050 /* Pods-Pipal.release.xcconfig */;
			buildSettings = {
				ASSETCATALOG_COMPILER_APPICON_NAME = AppIcon;
				CLANG_ENABLE_MODULES = YES;
				CODE_SIGN_IDENTITY = "iPhone Distribution: Locon Solutions Private Limited";
				"CODE_SIGN_IDENTITY[sdk=iphoneos*]" = "iPhone Distribution: Locon Solutions Private Limited";
				ENABLE_BITCODE = NO;
				FRAMEWORK_SEARCH_PATHS = (
					"$(inherited)",
					"$(PROJECT_DIR)/Carthage/Build/iOS",
					"~/Documents/FacebookSDK",
					"$(PROJECT_DIR)",
				);
				INFOPLIST_FILE = Hood/Info.plist;
				LD_RUNPATH_SEARCH_PATHS = "$(inherited) @executable_path/Frameworks";
				PRODUCT_BUNDLE_IDENTIFIER = "housing.$(PRODUCT_NAME:rfc1034identifier)";
				PRODUCT_NAME = Pipal;
				PROVISIONING_PROFILE = "";
				SWIFT_OBJC_BRIDGING_HEADER = "Hood/Pipal-Bridging-Header.h";
			};
			name = Release;
		};
/* End XCBuildConfiguration section */

/* Begin XCConfigurationList section */
		D5B3E4781B6A2CB000F3DF9F /* Build configuration list for PBXProject "Pipal" */ = {
			isa = XCConfigurationList;
			buildConfigurations = (
				D5B3E49E1B6A2CB000F3DF9F /* Debug */,
				D5B3E49F1B6A2CB000F3DF9F /* Release */,
			);
			defaultConfigurationIsVisible = 0;
			defaultConfigurationName = Release;
		};
		D5B3E4A01B6A2CB000F3DF9F /* Build configuration list for PBXNativeTarget "Pipal" */ = {
			isa = XCConfigurationList;
			buildConfigurations = (
				D5B3E4A11B6A2CB000F3DF9F /* Debug */,
				D5B3E4A21B6A2CB000F3DF9F /* Release */,
			);
			defaultConfigurationIsVisible = 0;
			defaultConfigurationName = Release;
		};
/* End XCConfigurationList section */

/* Begin XCVersionGroup section */
		D5EBCFCC1B874832000E0656 /* Model.xcdatamodeld */ = {
			isa = XCVersionGroup;
			children = (
				D5EBCFCD1B874832000E0656 /* Model.xcdatamodel */,
			);
			currentVersion = D5EBCFCD1B874832000E0656 /* Model.xcdatamodel */;
			path = Model.xcdatamodeld;
			sourceTree = "<group>";
			versionGroupType = wrapper.xcdatamodel;
		};
/* End XCVersionGroup section */
	};
	rootObject = D5B3E4751B6A2CB000F3DF9F /* Project object */;
}
